<?xml version="1.0" encoding="utf-8"?>
<Project ToolsVersion="4.0" xmlns="http://schemas.microsoft.com/developer/msbuild/2003">
  <ItemGroup>
    <ClCompile Include="src\testApp.cpp">
      <Filter>src</Filter>
    </ClCompile>
    <ClCompile Include="src\main.cpp">
      <Filter>src</Filter>
    </ClCompile>
    <ClCompile Include="..\src\CloseIisuServer.cpp">
      <Filter>addons\ofxIisu\src</Filter>
    </ClCompile>
    <ClCompile Include="..\src\CursorGestureHub.cpp">
      <Filter>addons\ofxIisu\src</Filter>
    </ClCompile>
    <ClCompile Include="..\src\DepthCursor.cpp">
      <Filter>addons\ofxIisu\src</Filter>
    </ClCompile>
    <ClCompile Include="..\src\GestureSkeleton.cpp">
      <Filter>addons\ofxIisu\src</Filter>
    </ClCompile>
    <ClCompile Include="..\src\HandCursor.cpp">
      <Filter>addons\ofxIisu\src</Filter>
    </ClCompile>
    <ClCompile Include="..\src\IisuServer.cpp">
      <Filter>addons\ofxIisu\src</Filter>
    </ClCompile>
    <ClCompile Include="..\src\IisuSkeleton.cpp">
      <Filter>addons\ofxIisu\src</Filter>
    </ClCompile>
    <ClCompile Include="..\src\IisuUtils.cpp">
      <Filter>addons\ofxIisu\src</Filter>
    </ClCompile>
  </ItemGroup>
  <ItemGroup>
    <Filter Include="src">
      <UniqueIdentifier>{d8376475-7454-4a24-b08a-aac121d3ad6f}</UniqueIdentifier>
    </Filter>
    <Filter Include="helios_addons">
      <UniqueIdentifier>{744c70eb-1bc2-4a8e-8e3b-cc97e024f171}</UniqueIdentifier>
    </Filter>
    <Filter Include="addons">
      <UniqueIdentifier>{97806eac-2629-48c3-b95d-d8adc0bade81}</UniqueIdentifier>
    </Filter>
    <Filter Include="addons\ofxIisu">
      <UniqueIdentifier>{fa691171-bec8-4556-8bdf-2f4d6c21514c}</UniqueIdentifier>
    </Filter>
    <Filter Include="addons\ofxIisu\src">
      <UniqueIdentifier>{86cb0843-4a08-419f-9314-2158d53c3173}</UniqueIdentifier>
    </Filter>
  </ItemGroup>
  <ItemGroup>
    <ClInclude Include="src\testApp.h">
      <Filter>src</Filter>
    </ClInclude>
    <ClInclude Include="..\src\CloseIisuServer.h">
      <Filter>addons\ofxIisu\src</Filter>
    </ClInclude>
    <ClInclude Include="..\src\CursorGestureHub.h">
      <Filter>addons\ofxIisu\src</Filter>
    </ClInclude>
    <ClInclude Include="..\src\DepthCursor.h">
      <Filter>addons\ofxIisu\src</Filter>
    </ClInclude>
    <ClInclude Include="..\src\GestureSkeleton.h">
      <Filter>addons\ofxIisu\src</Filter>
    </ClInclude>
    <ClInclude Include="..\src\HandCursor.h">
      <Filter>addons\ofxIisu\src</Filter>
    </ClInclude>
    <ClInclude Include="..\src\IisuEventArgs.h">
      <Filter>addons\ofxIisu\src</Filter>
    </ClInclude>
    <ClInclude Include="..\src\IisuEvents.h">
      <Filter>addons\ofxIisu\src</Filter>
    </ClInclude>
    <ClInclude Include="..\src\IisuServer.h">
      <Filter>addons\ofxIisu\src</Filter>
    </ClInclude>
    <ClInclude Include="..\src\IisuSkeleton.h">
      <Filter>addons\ofxIisu\src</Filter>
    </ClInclude>
    <ClInclude Include="..\src\IisuUserRepresentation.h">
      <Filter>addons\ofxIisu\src</Filter>
    </ClInclude>
    <ClInclude Include="..\src\IisuUtils.h">
      <Filter>addons\ofxIisu\src</Filter>
    </ClInclude>
    <ClInclude Include="..\src\ofxIisu.h">
      <Filter>addons\ofxIisu\src</Filter>
    </ClInclude>
  </ItemGroup>
</Project>